
Microsoft Visual Studio Solution File, Format Version 12.00
# Visual Studio Version 17
VisualStudioVersion = 17.3.32804.467
MinimumVisualStudioVersion = 10.0.40219.1
Project("{FAE04EC0-301F-11D3-BF4B-00C04F79EFBC}") = "TestProject2", "TestProject2\TestProject2.csproj", "{E28DEA15-C46E-4D75-8A2C-CAF2B9E83C08}"
EndProject
Project("{2150E333-8FDC-42A3-9474-1A3956D46DE8}") = "Solution Items", "Solution Items", "{50545782-0050-4655-A3F7-2ED4FD8B9327}"
	ProjectSection(SolutionItems) = preProject
		.runsettings = .runsettings
	EndProjectSection
EndProject
Global
	GlobalSection(SolutionConfigurationPlatforms) = preSolution
		Debug|Any CPU = Debug|Any CPU
		Release|Any CPU = Release|Any CPU
	EndGlobalSection
	GlobalSection(ProjectConfigurationPlatforms) = postSolution
		{E28DEA15-C46E-4D75-8A2C-CAF2B9E83C08}.Debug|Any CPU.ActiveCfg = Debug|Any CPU
		{E28DEA15-C46E-4D75-8A2C-CAF2B9E83C08}.Debug|Any CPU.Build.0 = Debug|Any CPU
		{E28DEA15-C46E-4D75-8A2C-CAF2B9E83C08}.Release|Any CPU.ActiveCfg = Release|Any CPU
		{E28DEA15-C46E-4D75-8A2C-CAF2B9E83C08}.Release|Any CPU.Build.0 = Release|Any CPU
	EndGlobalSection
	GlobalSection(SolutionProperties) = preSolution
		HideSolutionNode = FALSE
	EndGlobalSection
	GlobalSection(ExtensibilityGlobals) = postSolution
		SolutionGuid = {74B140BD-1468-4BC5-9E3C-858272FC6FF2}
	EndGlobalSection
EndGlobal
